// !$*UTF8*$!
{
	archiveVersion = 1;
	classes = {
	};
	objectVersion = 50;
	objects = {

/* Begin PBXBuildFile section */
		05B25FC720D91A780039A694 /* AddAlarmViewController.swift in Sources */ = {isa = PBXBuildFile; fileRef = 05B25FC620D91A780039A694 /* AddAlarmViewController.swift */; };
		05B25FC920D920870039A694 /* AlarmCell.swift in Sources */ = {isa = PBXBuildFile; fileRef = 05B25FC820D920870039A694 /* AlarmCell.swift */; };
		05B25FCB20D924450039A694 /* TableView.swift in Sources */ = {isa = PBXBuildFile; fileRef = 05B25FCA20D924450039A694 /* TableView.swift */; };
		05B25FCF20D9314A0039A694 /* SaveLoad.swift in Sources */ = {isa = PBXBuildFile; fileRef = 05B25FCE20D9314A0039A694 /* SaveLoad.swift */; };
		05C2149620D9105800A26419 /* AppDelegate.swift in Sources */ = {isa = PBXBuildFile; fileRef = 05C2149520D9105800A26419 /* AppDelegate.swift */; };
		05C2149B20D9105800A26419 /* Main.storyboard in Resources */ = {isa = PBXBuildFile; fileRef = 05C2149920D9105800A26419 /* Main.storyboard */; };
		05C2149E20D9105800A26419 /* SAAlarm.xcdatamodeld in Sources */ = {isa = PBXBuildFile; fileRef = 05C2149C20D9105800A26419 /* SAAlarm.xcdatamodeld */; };
		05C214A020D9105B00A26419 /* Assets.xcassets in Resources */ = {isa = PBXBuildFile; fileRef = 05C2149F20D9105B00A26419 /* Assets.xcassets */; };
		05C214A320D9105B00A26419 /* LaunchScreen.storyboard in Resources */ = {isa = PBXBuildFile; fileRef = 05C214A120D9105B00A26419 /* LaunchScreen.storyboard */; };
		05C214AF20D9130A00A26419 /* MainViewController.swift in Sources */ = {isa = PBXBuildFile; fileRef = 05C214AE20D9130A00A26419 /* MainViewController.swift */; };
		05DB2E0E20DB648D00116261 /* WorldClockCell.swift in Sources */ = {isa = PBXBuildFile; fileRef = 05DB2E0D20DB648D00116261 /* WorldClockCell.swift */; };
		05DB2E1020DB6D0200116261 /* TestTableViewController.swift in Sources */ = {isa = PBXBuildFile; fileRef = 05DB2E0F20DB6D0200116261 /* TestTableViewController.swift */; };
		05E88FC120DA2085003D3BE8 /* Protocol.swift in Sources */ = {isa = PBXBuildFile; fileRef = 05E88FC020DA2085003D3BE8 /* Protocol.swift */; };
		05F6047D20DA7F1200BFAE1C /* WorldClassViewController.swift in Sources */ = {isa = PBXBuildFile; fileRef = 05F6047C20DA7F1200BFAE1C /* WorldClassViewController.swift */; };
		05F6047F20DA859E00BFAE1C /* UTCModel.swift in Sources */ = {isa = PBXBuildFile; fileRef = 05F6047E20DA859E00BFAE1C /* UTCModel.swift */; };
		05F6048120DA8B8E00BFAE1C /* CountryViewController.swift in Sources */ = {isa = PBXBuildFile; fileRef = 05F6048020DA8B8E00BFAE1C /* CountryViewController.swift */; };
		D3B04369797D32489EC794BD /* Pods_SAAlarm.framework in Frameworks */ = {isa = PBXBuildFile; fileRef = 87F1B38D07F7849387D01282 /* Pods_SAAlarm.framework */; };
/* End PBXBuildFile section */

/* Begin PBXFileReference section */
		05B25FC620D91A780039A694 /* AddAlarmViewController.swift */ = {isa = PBXFileReference; lastKnownFileType = sourcecode.swift; path = AddAlarmViewController.swift; sourceTree = "<group>"; };
		05B25FC820D920870039A694 /* AlarmCell.swift */ = {isa = PBXFileReference; lastKnownFileType = sourcecode.swift; path = AlarmCell.swift; sourceTree = "<group>"; };
		05B25FCA20D924450039A694 /* TableView.swift */ = {isa = PBXFileReference; lastKnownFileType = sourcecode.swift; path = TableView.swift; sourceTree = "<group>"; };
		05B25FCE20D9314A0039A694 /* SaveLoad.swift */ = {isa = PBXFileReference; lastKnownFileType = sourcecode.swift; path = SaveLoad.swift; sourceTree = "<group>"; };
		05C2149220D9105800A26419 /* SAAlarm.app */ = {isa = PBXFileReference; explicitFileType = wrapper.application; includeInIndex = 0; path = SAAlarm.app; sourceTree = BUILT_PRODUCTS_DIR; };
		05C2149520D9105800A26419 /* AppDelegate.swift */ = {isa = PBXFileReference; lastKnownFileType = sourcecode.swift; path = AppDelegate.swift; sourceTree = "<group>"; };
		05C2149A20D9105800A26419 /* Base */ = {isa = PBXFileReference; lastKnownFileType = file.storyboard; name = Base; path = Base.lproj/Main.storyboard; sourceTree = "<group>"; };
		05C2149D20D9105800A26419 /* SAAlarm.xcdatamodel */ = {isa = PBXFileReference; lastKnownFileType = wrapper.xcdatamodel; path = SAAlarm.xcdatamodel; sourceTree = "<group>"; };
		05C2149F20D9105B00A26419 /* Assets.xcassets */ = {isa = PBXFileReference; lastKnownFileType = folder.assetcatalog; path = Assets.xcassets; sourceTree = "<group>"; };
		05C214A220D9105B00A26419 /* Base */ = {isa = PBXFileReference; lastKnownFileType = file.storyboard; name = Base; path = Base.lproj/LaunchScreen.storyboard; sourceTree = "<group>"; };
		05C214A420D9105B00A26419 /* Info.plist */ = {isa = PBXFileReference; lastKnownFileType = text.plist.xml; path = Info.plist; sourceTree = "<group>"; };
		05C214AE20D9130A00A26419 /* MainViewController.swift */ = {isa = PBXFileReference; lastKnownFileType = sourcecode.swift; path = MainViewController.swift; sourceTree = "<group>"; };
		05DB2E0D20DB648D00116261 /* WorldClockCell.swift */ = {isa = PBXFileReference; lastKnownFileType = sourcecode.swift; path = WorldClockCell.swift; sourceTree = "<group>"; };
		05DB2E0F20DB6D0200116261 /* TestTableViewController.swift */ = {isa = PBXFileReference; lastKnownFileType = sourcecode.swift; path = TestTableViewController.swift; sourceTree = "<group>"; };
		05E88FC020DA2085003D3BE8 /* Protocol.swift */ = {isa = PBXFileReference; lastKnownFileType = sourcecode.swift; path = Protocol.swift; sourceTree = "<group>"; };
		05F6047C20DA7F1200BFAE1C /* WorldClassViewController.swift */ = {isa = PBXFileReference; lastKnownFileType = sourcecode.swift; path = WorldClassViewController.swift; sourceTree = "<group>"; };
		05F6047E20DA859E00BFAE1C /* UTCModel.swift */ = {isa = PBXFileReference; lastKnownFileType = sourcecode.swift; path = UTCModel.swift; sourceTree = "<group>"; };
		05F6048020DA8B8E00BFAE1C /* CountryViewController.swift */ = {isa = PBXFileReference; lastKnownFileType = sourcecode.swift; path = CountryViewController.swift; sourceTree = "<group>"; };
		4A6F1F1D9584DCF60FC2DFB8 /* Pods-SAAlarm.debug.xcconfig */ = {isa = PBXFileReference; includeInIndex = 1; lastKnownFileType = text.xcconfig; name = "Pods-SAAlarm.debug.xcconfig"; path = "Pods/Target Support Files/Pods-SAAlarm/Pods-SAAlarm.debug.xcconfig"; sourceTree = "<group>"; };
		87F1B38D07F7849387D01282 /* Pods_SAAlarm.framework */ = {isa = PBXFileReference; explicitFileType = wrapper.framework; includeInIndex = 0; path = Pods_SAAlarm.framework; sourceTree = BUILT_PRODUCTS_DIR; };
		AC1CBE191FE3CDB76004409E /* Pods-SAAlarm.release.xcconfig */ = {isa = PBXFileReference; includeInIndex = 1; lastKnownFileType = text.xcconfig; name = "Pods-SAAlarm.release.xcconfig"; path = "Pods/Target Support Files/Pods-SAAlarm/Pods-SAAlarm.release.xcconfig"; sourceTree = "<group>"; };
/* End PBXFileReference section */

/* Begin PBXFrameworksBuildPhase section */
		05C2148F20D9105800A26419 /* Frameworks */ = {
			isa = PBXFrameworksBuildPhase;
			buildActionMask = 2147483647;
			files = (
				D3B04369797D32489EC794BD /* Pods_SAAlarm.framework in Frameworks */,
			);
			runOnlyForDeploymentPostprocessing = 0;
		};
/* End PBXFrameworksBuildPhase section */

/* Begin PBXGroup section */
		05C2148920D9105800A26419 = {
			isa = PBXGroup;
			children = (
				05C2149420D9105800A26419 /* SAAlarm */,
				05C2149320D9105800A26419 /* Products */,
				2F1F92588174AE40BC9C2FAE /* Pods */,
				994BE5DC315F62412589C01C /* Frameworks */,
			);
			sourceTree = "<group>";
		};
		05C2149320D9105800A26419 /* Products */ = {
			isa = PBXGroup;
			children = (
				05C2149220D9105800A26419 /* SAAlarm.app */,
			);
			name = Products;
			sourceTree = "<group>";
		};
		05C2149420D9105800A26419 /* SAAlarm */ = {
			isa = PBXGroup;
			children = (
				05DB2E1120DB6FC700116261 /* Extension */,
				05C214AA20D911A400A26419 /* Model */,
				05C214AB20D911AA00A26419 /* View */,
				05C214AC20D911B700A26419 /* Controller */,
				05C214AD20D911C200A26419 /* Supporting Files */,
				05C214A420D9105B00A26419 /* Info.plist */,
			);
			path = SAAlarm;
			sourceTree = "<group>";
		};
		05C214AA20D911A400A26419 /* Model */ = {
			isa = PBXGroup;
			children = (
				05C2149C20D9105800A26419 /* SAAlarm.xcdatamodeld */,
				05F6047E20DA859E00BFAE1C /* UTCModel.swift */,
			);
			path = Model;
			sourceTree = "<group>";
		};
		05C214AB20D911AA00A26419 /* View */ = {
			isa = PBXGroup;
			children = (
				05C2149920D9105800A26419 /* Main.storyboard */,
			);
			path = View;
			sourceTree = "<group>";
		};
		05C214AC20D911B700A26419 /* Controller */ = {
			isa = PBXGroup;
			children = (
				05C214AE20D9130A00A26419 /* MainViewController.swift */,
				05B25FCA20D924450039A694 /* TableView.swift */,
				05B25FC620D91A780039A694 /* AddAlarmViewController.swift */,
				05B25FCE20D9314A0039A694 /* SaveLoad.swift */,
				05B25FC820D920870039A694 /* AlarmCell.swift */,
				05E88FC020DA2085003D3BE8 /* Protocol.swift */,
				05F6047C20DA7F1200BFAE1C /* WorldClassViewController.swift */,
				05F6048020DA8B8E00BFAE1C /* CountryViewController.swift */,
				05DB2E0F20DB6D0200116261 /* TestTableViewController.swift */,
				05DB2E0D20DB648D00116261 /* WorldClockCell.swift */,
				05C2149520D9105800A26419 /* AppDelegate.swift */,
			);
			path = Controller;
			sourceTree = "<group>";
		};
		05C214AD20D911C200A26419 /* Supporting Files */ = {
			isa = PBXGroup;
			children = (
				05C214A120D9105B00A26419 /* LaunchScreen.storyboard */,
				05C2149F20D9105B00A26419 /* Assets.xcassets */,
			);
			path = "Supporting Files";
			sourceTree = "<group>";
		};
		05DB2E1120DB6FC700116261 /* Extension */ = {
			isa = PBXGroup;
			children = (
			);
			path = Extension;
			sourceTree = "<group>";
		};
		2F1F92588174AE40BC9C2FAE /* Pods */ = {
			isa = PBXGroup;
			children = (
				4A6F1F1D9584DCF60FC2DFB8 /* Pods-SAAlarm.debug.xcconfig */,
				AC1CBE191FE3CDB76004409E /* Pods-SAAlarm.release.xcconfig */,
			);
			name = Pods;
			sourceTree = "<group>";
		};
		994BE5DC315F62412589C01C /* Frameworks */ = {
			isa = PBXGroup;
			children = (
				87F1B38D07F7849387D01282 /* Pods_SAAlarm.framework */,
			);
			name = Frameworks;
			sourceTree = "<group>";
		};
/* End PBXGroup section */

/* Begin PBXNativeTarget section */
		05C2149120D9105800A26419 /* SAAlarm */ = {
			isa = PBXNativeTarget;
			buildConfigurationList = 05C214A720D9105B00A26419 /* Build configuration list for PBXNativeTarget "SAAlarm" */;
			buildPhases = (
				DD04D13A88F961802B122CFE /* [CP] Check Pods Manifest.lock */,
				05C2148E20D9105800A26419 /* Sources */,
				05C2148F20D9105800A26419 /* Frameworks */,
				05C2149020D9105800A26419 /* Resources */,
			);
			buildRules = (
			);
			dependencies = (
			);
			name = SAAlarm;
			productName = SAAlarm;
			productReference = 05C2149220D9105800A26419 /* SAAlarm.app */;
			productType = "com.apple.product-type.application";
		};
/* End PBXNativeTarget section */

/* Begin PBXProject section */
		05C2148A20D9105800A26419 /* Project object */ = {
			isa = PBXProject;
			attributes = {
				LastSwiftUpdateCheck = 0930;
				LastUpgradeCheck = 0930;
				ORGANIZATIONNAME = "Solution Analysts";
				TargetAttributes = {
					05C2149120D9105800A26419 = {
						CreatedOnToolsVersion = 9.3;
					};
				};
			};
			buildConfigurationList = 05C2148D20D9105800A26419 /* Build configuration list for PBXProject "SAAlarm" */;
			compatibilityVersion = "Xcode 9.3";
			developmentRegion = en;
			hasScannedForEncodings = 0;
			knownRegions = (
				en,
				Base,
			);
			mainGroup = 05C2148920D9105800A26419;
			productRefGroup = 05C2149320D9105800A26419 /* Products */;
			projectDirPath = "";
			projectRoot = "";
			targets = (
				05C2149120D9105800A26419 /* SAAlarm */,
			);
		};
/* End PBXProject section */

/* Begin PBXResourcesBuildPhase section */
		05C2149020D9105800A26419 /* Resources */ = {
			isa = PBXResourcesBuildPhase;
			buildActionMask = 2147483647;
			files = (
				05C214A320D9105B00A26419 /* LaunchScreen.storyboard in Resources */,
				05C214A020D9105B00A26419 /* Assets.xcassets in Resources */,
				05C2149B20D9105800A26419 /* Main.storyboard in Resources */,
			);
			runOnlyForDeploymentPostprocessing = 0;
		};
/* End PBXResourcesBuildPhase section */

/* Begin PBXShellScriptBuildPhase section */
		DD04D13A88F961802B122CFE /* [CP] Check Pods Manifest.lock */ = {
			isa = PBXShellScriptBuildPhase;
			buildActionMask = 2147483647;
			files = (
			);
			inputPaths = (
				"${PODS_PODFILE_DIR_PATH}/Podfile.lock",
				"${PODS_ROOT}/Manifest.lock",
			);
			name = "[CP] Check Pods Manifest.lock";
			outputPaths = (
				"$(DERIVED_FILE_DIR)/Pods-SAAlarm-checkManifestLockResult.txt",
			);
			runOnlyForDeploymentPostprocessing = 0;
			shellPath = /bin/sh;
			shellScript = "diff \"${PODS_PODFILE_DIR_PATH}/Podfile.lock\" \"${PODS_ROOT}/Manifest.lock\" > /dev/null\nif [ $? != 0 ] ; then\n    # print error to STDERR\n    echo \"error: The sandbox is not in sync with the Podfile.lock. Run 'pod install' or update your CocoaPods installation.\" >&2\n    exit 1\nfi\n# This output is used by Xcode 'outputs' to avoid re-running this script phase.\necho \"SUCCESS\" > \"${SCRIPT_OUTPUT_FILE_0}\"\n";
			showEnvVarsInLog = 0;
		};
/* End PBXShellScriptBuildPhase section */

/* Begin PBXSourcesBuildPhase section */
		05C2148E20D9105800A26419 /* Sources */ = {
			isa = PBXSourcesBuildPhase;
			buildActionMask = 2147483647;
			files = (
				05F6047F20DA859E00BFAE1C /* UTCModel.swift in Sources */,
				05B25FCF20D9314A0039A694 /* SaveLoad.swift in Sources */,
				05F6048120DA8B8E00BFAE1C /* CountryViewController.swift in Sources */,
				05B25FC920D920870039A694 /* AlarmCell.swift in Sources */,
				05B25FCB20D924450039A694 /* TableView.swift in Sources */,
				05DB2E0E20DB648D00116261 /* WorldClockCell.swift in Sources */,
				05E88FC120DA2085003D3BE8 /* Protocol.swift in Sources */,
				05B25FC720D91A780039A694 /* AddAlarmViewController.swift in Sources */,
				05DB2E1020DB6D0200116261 /* TestTableViewController.swift in Sources */,
				05F6047D20DA7F1200BFAE1C /* WorldClassViewController.swift in Sources */,
				05C214AF20D9130A00A26419 /* MainViewController.swift in Sources */,
				05C2149E20D9105800A26419 /* SAAlarm.xcdatamodeld in Sources */,
				05C2149620D9105800A26419 /* AppDelegate.swift in Sources */,
			);
			runOnlyForDeploymentPostprocessing = 0;
		};
/* End PBXSourcesBuildPhase section */

/* Begin PBXVariantGroup section */
		05C2149920D9105800A26419 /* Main.storyboard */ = {
			isa = PBXVariantGroup;
			children = (
				05C2149A20D9105800A26419 /* Base */,
			);
			name = Main.storyboard;
			sourceTree = "<group>";
		};
		05C214A120D9105B00A26419 /* LaunchScreen.storyboard */ = {
			isa = PBXVariantGroup;
			children = (
				05C214A220D9105B00A26419 /* Base */,
			);
			name = LaunchScreen.storyboard;
			sourceTree = "<group>";
		};
/* End PBXVariantGroup section */

/* Begin XCBuildConfiguration section */
		05C214A520D9105B00A26419 /* Debug */ = {
			isa = XCBuildConfiguration;
			buildSettings = {
				ALWAYS_SEARCH_USER_PATHS = NO;
				CLANG_ANALYZER_NONNULL = YES;
				CLANG_ANALYZER_NUMBER_OBJECT_CONVERSION = YES_AGGRESSIVE;
				CLANG_CXX_LANGUAGE_STANDARD = "gnu++14";
				CLANG_CXX_LIBRARY = "libc++";
				CLANG_ENABLE_MODULES = YES;
				CLANG_ENABLE_OBJC_ARC = YES;
				CLANG_ENABLE_OBJC_WEAK = YES;
				CLANG_WARN_BLOCK_CAPTURE_AUTORELEASING = YES;
				CLANG_WARN_BOOL_CONVERSION = YES;
				CLANG_WARN_COMMA = YES;
				CLANG_WARN_CONSTANT_CONVERSION = YES;
				CLANG_WARN_DEPRECATED_OBJC_IMPLEMENTATIONS = YES;
				CLANG_WARN_DIRECT_OBJC_ISA_USAGE = YES_ERROR;
				CLANG_WARN_DOCUMENTATION_COMMENTS = YES;
				CLANG_WARN_EMPTY_BODY = YES;
				CLANG_WARN_ENUM_CONVERSION = YES;
				CLANG_WARN_INFINITE_RECURSION = YES;
				CLANG_WARN_INT_CONVERSION = YES;
				CLANG_WARN_NON_LITERAL_NULL_CONVERSION = YES;
				CLANG_WARN_OBJC_IMPLICIT_RETAIN_SELF = YES;
				CLANG_WARN_OBJC_LITERAL_CONVERSION = YES;
				CLANG_WARN_OBJC_ROOT_CLASS = YES_ERROR;
				CLANG_WARN_RANGE_LOOP_ANALYSIS = YES;
				CLANG_WARN_STRICT_PROTOTYPES = YES;
				CLANG_WARN_SUSPICIOUS_MOVE = YES;
				CLANG_WARN_UNGUARDED_AVAILABILITY = YES_AGGRESSIVE;
				CLANG_WARN_UNREACHABLE_CODE = YES;
				CLANG_WARN__DUPLICATE_METHOD_MATCH = YES;
				CODE_SIGN_IDENTITY = "iPhone Developer";
				COPY_PHASE_STRIP = NO;
				DEBUG_INFORMATION_FORMAT = dwarf;
				ENABLE_STRICT_OBJC_MSGSEND = YES;
				ENABLE_TESTABILITY = YES;
				GCC_C_LANGUAGE_STANDARD = gnu11;
				GCC_DYNAMIC_NO_PIC = NO;
				GCC_NO_COMMON_BLOCKS = YES;
				GCC_OPTIMIZATION_LEVEL = 0;
				GCC_PREPROCESSOR_DEFINITIONS = (
					"DEBUG=1",
					"$(inherited)",
				);
				GCC_WARN_64_TO_32_BIT_CONVERSION = YES;
				GCC_WARN_ABOUT_RETURN_TYPE = YES_ERROR;
				GCC_WARN_UNDECLARED_SELECTOR = YES;
				GCC_WARN_UNINITIALIZED_AUTOS = YES_AGGRESSIVE;
				GCC_WARN_UNUSED_FUNCTION = YES;
				GCC_WARN_UNUSED_VARIABLE = YES;
				IPHONEOS_DEPLOYMENT_TARGET = 11.3;
				MTL_ENABLE_DEBUG_INFO = YES;
				ONLY_ACTIVE_ARCH = YES;
				SDKROOT = iphoneos;
				SWIFT_ACTIVE_COMPILATION_CONDITIONS = DEBUG;
				SWIFT_OPTIMIZATION_LEVEL = "-Onone";
			};
			name = Debug;
		};
		05C214A620D9105B00A26419 /* Release */ = {
			isa = XCBuildConfiguration;
			buildSettings = {
				ALWAYS_SEARCH_USER_PATHS = NO;
				CLANG_ANALYZER_NONNULL = YES;
				CLANG_ANALYZER_NUMBER_OBJECT_CONVERSION = YES_AGGRESSIVE;
				CLANG_CXX_LANGUAGE_STANDARD = "gnu++14";
				CLANG_CXX_LIBRARY = "libc++";
				CLANG_ENABLE_MODULES = YES;
				CLANG_ENABLE_OBJC_ARC = YES;
				CLANG_ENABLE_OBJC_WEAK = YES;
				CLANG_WARN_BLOCK_CAPTURE_AUTORELEASING = YES;
				CLANG_WARN_BOOL_CONVERSION = YES;
				CLANG_WARN_COMMA = YES;
				CLANG_WARN_CONSTANT_CONVERSION = YES;
				CLANG_WARN_DEPRECATED_OBJC_IMPLEMENTATIONS = YES;
				CLANG_WARN_DIRECT_OBJC_ISA_USAGE = YES_ERROR;
				CLANG_WARN_DOCUMENTATION_COMMENTS = YES;
				CLANG_WARN_EMPTY_BODY = YES;
				CLANG_WARN_ENUM_CONVERSION = YES;
				CLANG_WARN_INFINITE_RECURSION = YES;
				CLANG_WARN_INT_CONVERSION = YES;
				CLANG_WARN_NON_LITERAL_NULL_CONVERSION = YES;
				CLANG_WARN_OBJC_IMPLICIT_RETAIN_SELF = YES;
				CLANG_WARN_OBJC_LITERAL_CONVERSION = YES;
				CLANG_WARN_OBJC_ROOT_CLASS = YES_ERROR;
				CLANG_WARN_RANGE_LOOP_ANALYSIS = YES;
				CLANG_WARN_STRICT_PROTOTYPES = YES;
				CLANG_WARN_SUSPICIOUS_MOVE = YES;
				CLANG_WARN_UNGUARDED_AVAILABILITY = YES_AGGRESSIVE;
				CLANG_WARN_UNREACHABLE_CODE = YES;
				CLANG_WARN__DUPLICATE_METHOD_MATCH = YES;
				CODE_SIGN_IDENTITY = "iPhone Developer";
				COPY_PHASE_STRIP = NO;
				DEBUG_INFORMATION_FORMAT = "dwarf-with-dsym";
				ENABLE_NS_ASSERTIONS = NO;
				ENABLE_STRICT_OBJC_MSGSEND = YES;
				GCC_C_LANGUAGE_STANDARD = gnu11;
				GCC_NO_COMMON_BLOCKS = YES;
				GCC_WARN_64_TO_32_BIT_CONVERSION = YES;
				GCC_WARN_ABOUT_RETURN_TYPE = YES_ERROR;
				GCC_WARN_UNDECLARED_SELECTOR = YES;
				GCC_WARN_UNINITIALIZED_AUTOS = YES_AGGRESSIVE;
				GCC_WARN_UNUSED_FUNCTION = YES;
				GCC_WARN_UNUSED_VARIABLE = YES;
				IPHONEOS_DEPLOYMENT_TARGET = 11.3;
				MTL_ENABLE_DEBUG_INFO = NO;
				SDKROOT = iphoneos;
				SWIFT_COMPILATION_MODE = wholemodule;
				SWIFT_OPTIMIZATION_LEVEL = "-O";
				VALIDATE_PRODUCT = YES;
			};
			name = Release;
		};
		05C214A820D9105B00A26419 /* Debug */ = {
			isa = XCBuildConfiguration;
			baseConfigurationReference = 4A6F1F1D9584DCF60FC2DFB8 /* Pods-SAAlarm.debug.xcconfig */;
			buildSettings = {
				ASSETCATALOG_COMPILER_APPICON_NAME = AppIcon;
				CODE_SIGN_STYLE = Automatic;
				INFOPLIST_FILE = SAAlarm/Info.plist;
				LD_RUNPATH_SEARCH_PATHS = (
					"$(inherited)",
					"@executable_path/Frameworks",
				);
				PRODUCT_BUNDLE_IDENTIFIER = com.solutionanalysts.SAAlarm;
				PRODUCT_NAME = "$(TARGET_NAME)";
				SWIFT_VERSION = 4.0;
				TARGETED_DEVICE_FAMILY = 1;
			};
			name = Debug;
		};
		05C214A920D9105B00A26419 /* Release */ = {
			isa = XCBuildConfiguration;
			baseConfigurationReference = AC1CBE191FE3CDB76004409E /* Pods-SAAlarm.release.xcconfig */;
			buildSettings = {
				ASSETCATALOG_COMPILER_APPICON_NAME = AppIcon;
				CODE_SIGN_STYLE = Automatic;
				INFOPLIST_FILE = SAAlarm/Info.plist;
				LD_RUNPATH_SEARCH_PATHS = (
					"$(inherited)",
					"@executable_path/Frameworks",
				);
				PRODUCT_BUNDLE_IDENTIFIER = com.solutionanalysts.SAAlarm;
				PRODUCT_NAME = "$(TARGET_NAME)";
				SWIFT_VERSION = 4.0;
				TARGETED_DEVICE_FAMILY = 1;
			};
			name = Release;
		};
/* End XCBuildConfiguration section */

/* Begin XCConfigurationList section */
		05C2148D20D9105800A26419 /* Build configuration list for PBXProject "SAAlarm" */ = {
			isa = XCConfigurationList;
			buildConfigurations = (
				05C214A520D9105B00A26419 /* Debug */,
				05C214A620D9105B00A26419 /* Release */,
			);
			defaultConfigurationIsVisible = 0;
			defaultConfigurationName = Release;
		};
		05C214A720D9105B00A26419 /* Build configuration list for PBXNativeTarget "SAAlarm" */ = {
			isa = XCConfigurationList;
			buildConfigurations = (
				05C214A820D9105B00A26419 /* Debug */,
				05C214A920D9105B00A26419 /* Release */,
			);
			defaultConfigurationIsVisible = 0;
			defaultConfigurationName = Release;
		};
/* End XCConfigurationList section */

/* Begin XCVersionGroup section */
		05C2149C20D9105800A26419 /* SAAlarm.xcdatamodeld */ = {
			isa = XCVersionGroup;
			children = (
				05C2149D20D9105800A26419 /* SAAlarm.xcdatamodel */,
			);
			currentVersion = 05C2149D20D9105800A26419 /* SAAlarm.xcdatamodel */;
			path = SAAlarm.xcdatamodeld;
			sourceTree = "<group>";
			versionGroupType = wrapper.xcdatamodel;
		};
/* End XCVersionGroup section */
	};
	rootObject = 05C2148A20D9105800A26419 /* Project object */;
}
